
Microsoft Visual Studio Solution File, Format Version 12.00
# Visual Studio Version 17
VisualStudioVersion = 17.14.36109.1 d17.14
MinimumVisualStudioVersion = 10.0.40219.1
Project("{FAE04EC0-301F-11D3-BF4B-00C04F79EFBC}") = "LabCheck.API", "LabCheck.API\LabCheck.API.csproj", "{40CA9372-D30D-4CD4-86F6-BF66B372EF54}"
EndProject
Global
	GlobalSection(SolutionConfigurationPlatforms) = preSolution
		Debug|Any CPU = Debug|Any CPU
		Release|Any CPU = Release|Any CPU
	EndGlobalSection
	GlobalSection(ProjectConfigurationPlatforms) = postSolution
		{40CA9372-D30D-4CD4-86F6-BF66B372EF54}.Debug|Any CPU.ActiveCfg = Debug|Any CPU
		{40CA9372-D30D-4CD4-86F6-BF66B372EF54}.Debug|Any CPU.Build.0 = Debug|Any CPU
		{40CA9372-D30D-4CD4-86F6-BF66B372EF54}.Release|Any CPU.ActiveCfg = Release|Any CPU
		{40CA9372-D30D-4CD4-86F6-BF66B372EF54}.Release|Any CPU.Build.0 = Release|Any CPU
	EndGlobalSection
	GlobalSection(SolutionProperties) = preSolution
		HideSolutionNode = FALSE
	EndGlobalSection
	GlobalSection(ExtensibilityGlobals) = postSolution
		SolutionGuid = {0F600233-F03F-426C-97D5-721EC7B2027A}
	EndGlobalSection
EndGlobal
